{
  "nodes": {
    "disko": {
      "inputs": {
        "nixpkgs": [
          "nixpkgs"
        ]
      },
      "locked": {
        "lastModified": 1744145203,
        "narHash": "sha256-I2oILRiJ6G+BOSjY+0dGrTPe080L3pbKpc+gCV3Nmyk=",
        "owner": "nix-community",
        "repo": "disko",
        "rev": "76c0a6dba345490508f36c1aa3c7ba5b6b460989",
        "type": "github"
      },
      "original": {
        "owner": "nix-community",
        "repo": "disko",
        "type": "github"
      }
    },
    "nixpkgs": {
      "locked": {
        "lastModified": 1743964447,
        "narHash": "sha256-nEo1t3Q0F+0jQ36HJfbJtiRU4OI+/0jX/iITURKe3EE=",
        "owner": "nixos",
        "repo": "nixpkgs",
        "rev": "063dece00c5a77e4a0ea24e5e5a5bd75232806f8",
        "type": "github"
      },
      "original": {
        "owner": "nixos",
        "ref": "nixos-unstable",
        "repo": "nixpkgs",
        "type": "github"
      }
    },
    "root": {
      "inputs": {
        "disko": "disko",
        "nixpkgs": "nixpkgs",
        "themecord": "themecord"
      }
    },
    "themecord": {
      "inputs": {
        "nixpkgs": [
          "nixpkgs"
        ]
      },
      "locked": {
        "lastModified": 1743970059,
        "narHash": "sha256-vwrIULP9VmYqhNtHcNaPat6OjKqbDgwf3qSypOusG9c=",
        "owner": "danihek",
        "repo": "themecord",
        "rev": "2117717f830c4847eafc450319de26ae09ac9277",
        "type": "github"
      },
      "original": {
        "owner": "danihek",
        "repo": "themecord",
        "type": "github"
      }
    }
  },
  "root": "root",
  "version": 7
}
